# This file is automatically @generated by Cargo.
# It is not intended for manual editing.
version = 4

[[package]]
name = "ed25519-compact"
version = "2.2.0"
source = "registry+https://github.com/rust-lang/crates.io-index"
checksum = "33ce99a9e19c84beb4cc35ece85374335ccc398240712114c85038319ed709bd"

[[package]]
name = "pixels-authorizer"
version = "0.1.0"
dependencies = [
 "ed25519-compact",
]

[[patch.unused]]
name = "polkavm"
version = "0.30.0"

[[patch.unused]]
name = "polkavm-common"
version = "0.30.0"
